// !$*UTF8*$!
{
	archiveVersion = 1;
	classes = {
	};
	objectVersion = 56;
	objects = {

/* Begin PBXBuildFile section */
		06295D1529292D73007CEA95 /* ImageCropper.swift in Sources */ = {isa = PBXBuildFile; fileRef = 06295D1429292D73007CEA95 /* ImageCropper.swift */; };
		06295D1729294426007CEA95 /* ImagePainterView.swift in Sources */ = {isa = PBXBuildFile; fileRef = 06295D1629294426007CEA95 /* ImagePainterView.swift */; };
		0631632429256ADE00E92E11 /* ImageCropperView.swift in Sources */ = {isa = PBXBuildFile; fileRef = 0631632329256ADE00E92E11 /* ImageCropperView.swift */; };
		064F5BB92923D24800C9932F /* PhotoleapCloneApp.swift in Sources */ = {isa = PBXBuildFile; fileRef = 064F5BB82923D24800C9932F /* PhotoleapCloneApp.swift */; };
		064F5BBB2923D24800C9932F /* EditPhotoView.swift in Sources */ = {isa = PBXBuildFile; fileRef = 064F5BBA2923D24800C9932F /* EditPhotoView.swift */; };
		064F5BBD2923D24800C9932F /* Assets.xcassets in Resources */ = {isa = PBXBuildFile; fileRef = 064F5BBC2923D24800C9932F /* Assets.xcassets */; };
		064F5BC02923D24800C9932F /* Preview Assets.xcassets in Resources */ = {isa = PBXBuildFile; fileRef = 064F5BBF2923D24800C9932F /* Preview Assets.xcassets */; };
		067592A42924244900AAFBFE /* ImageSaver.swift in Sources */ = {isa = PBXBuildFile; fileRef = 067592A32924244900AAFBFE /* ImageSaver.swift */; };
		067592A82924E02700AAFBFE /* ImageEnhancerView.swift in Sources */ = {isa = PBXBuildFile; fileRef = 067592A72924E02700AAFBFE /* ImageEnhancerView.swift */; };
		067592AA2924E4AA00AAFBFE /* ImageModel.swift in Sources */ = {isa = PBXBuildFile; fileRef = 067592A92924E4AA00AAFBFE /* ImageModel.swift */; };
		069BC45629CB9F3E0097A498 /* ImageUrlConverter.swift in Sources */ = {isa = PBXBuildFile; fileRef = 069BC45529CB9F3E0097A498 /* ImageUrlConverter.swift */; };
		06C5FCFE292ABA1100ABA340 /* InsertTextView.swift in Sources */ = {isa = PBXBuildFile; fileRef = 06C5FCFD292ABA1100ABA340 /* InsertTextView.swift */; };
		06D05A3429CB04E800991DCF /* BrowseImagesView.swift in Sources */ = {isa = PBXBuildFile; fileRef = 06D05A3329CB04E800991DCF /* BrowseImagesView.swift */; };
		06D05A3629CB09DA00991DCF /* BrowsedImageModel.swift in Sources */ = {isa = PBXBuildFile; fileRef = 06D05A3529CB09DA00991DCF /* BrowsedImageModel.swift */; };
		06D05A3829CB0C5400991DCF /* NetworkManager.swift in Sources */ = {isa = PBXBuildFile; fileRef = 06D05A3729CB0C5400991DCF /* NetworkManager.swift */; };
/* End PBXBuildFile section */

/* Begin PBXFileReference section */
		06295D1429292D73007CEA95 /* ImageCropper.swift */ = {isa = PBXFileReference; lastKnownFileType = sourcecode.swift; path = ImageCropper.swift; sourceTree = "<group>"; };
		06295D1629294426007CEA95 /* ImagePainterView.swift */ = {isa = PBXFileReference; lastKnownFileType = sourcecode.swift; path = ImagePainterView.swift; sourceTree = "<group>"; };
		0631632329256ADE00E92E11 /* ImageCropperView.swift */ = {isa = PBXFileReference; lastKnownFileType = sourcecode.swift; path = ImageCropperView.swift; sourceTree = "<group>"; };
		064F5BB52923D24700C9932F /* PhotoleapClone.app */ = {isa = PBXFileReference; explicitFileType = wrapper.application; includeInIndex = 0; path = PhotoleapClone.app; sourceTree = BUILT_PRODUCTS_DIR; };
		064F5BB82923D24800C9932F /* PhotoleapCloneApp.swift */ = {isa = PBXFileReference; lastKnownFileType = sourcecode.swift; path = PhotoleapCloneApp.swift; sourceTree = "<group>"; };
		064F5BBA2923D24800C9932F /* EditPhotoView.swift */ = {isa = PBXFileReference; lastKnownFileType = sourcecode.swift; path = EditPhotoView.swift; sourceTree = "<group>"; };
		064F5BBC2923D24800C9932F /* Assets.xcassets */ = {isa = PBXFileReference; lastKnownFileType = folder.assetcatalog; path = Assets.xcassets; sourceTree = "<group>"; };
		064F5BBF2923D24800C9932F /* Preview Assets.xcassets */ = {isa = PBXFileReference; lastKnownFileType = folder.assetcatalog; path = "Preview Assets.xcassets"; sourceTree = "<group>"; };
		067592A32924244900AAFBFE /* ImageSaver.swift */ = {isa = PBXFileReference; lastKnownFileType = sourcecode.swift; path = ImageSaver.swift; sourceTree = "<group>"; };
		067592A72924E02700AAFBFE /* ImageEnhancerView.swift */ = {isa = PBXFileReference; lastKnownFileType = sourcecode.swift; path = ImageEnhancerView.swift; sourceTree = "<group>"; };
		067592A92924E4AA00AAFBFE /* ImageModel.swift */ = {isa = PBXFileReference; lastKnownFileType = sourcecode.swift; path = ImageModel.swift; sourceTree = "<group>"; };
		069BC45529CB9F3E0097A498 /* ImageUrlConverter.swift */ = {isa = PBXFileReference; lastKnownFileType = sourcecode.swift; path = ImageUrlConverter.swift; sourceTree = "<group>"; };
		06C5FCFD292ABA1100ABA340 /* InsertTextView.swift */ = {isa = PBXFileReference; lastKnownFileType = sourcecode.swift; path = InsertTextView.swift; sourceTree = "<group>"; };
		06D05A3329CB04E800991DCF /* BrowseImagesView.swift */ = {isa = PBXFileReference; lastKnownFileType = sourcecode.swift; path = BrowseImagesView.swift; sourceTree = "<group>"; };
		06D05A3529CB09DA00991DCF /* BrowsedImageModel.swift */ = {isa = PBXFileReference; lastKnownFileType = sourcecode.swift; path = BrowsedImageModel.swift; sourceTree = "<group>"; };
		06D05A3729CB0C5400991DCF /* NetworkManager.swift */ = {isa = PBXFileReference; lastKnownFileType = sourcecode.swift; path = NetworkManager.swift; sourceTree = "<group>"; };
/* End PBXFileReference section */

/* Begin PBXFrameworksBuildPhase section */
		064F5BB22923D24700C9932F /* Frameworks */ = {
			isa = PBXFrameworksBuildPhase;
			buildActionMask = 2147483647;
			files = (
			);
			runOnlyForDeploymentPostprocessing = 0;
		};
/* End PBXFrameworksBuildPhase section */

/* Begin PBXGroup section */
		064F5BAC2923D24700C9932F = {
			isa = PBXGroup;
			children = (
				064F5BB72923D24700C9932F /* PhotoleapClone */,
				064F5BB62923D24700C9932F /* Products */,
			);
			sourceTree = "<group>";
		};
		064F5BB62923D24700C9932F /* Products */ = {
			isa = PBXGroup;
			children = (
				064F5BB52923D24700C9932F /* PhotoleapClone.app */,
			);
			name = Products;
			sourceTree = "<group>";
		};
		064F5BB72923D24700C9932F /* PhotoleapClone */ = {
			isa = PBXGroup;
			children = (
				064F5BB82923D24800C9932F /* PhotoleapCloneApp.swift */,
				06743C782923D367000C06D1 /* Models */,
				067592A52924270100AAFBFE /* Utils */,
				06743C772923D363000C06D1 /* Views */,
				064F5BBC2923D24800C9932F /* Assets.xcassets */,
				064F5BBE2923D24800C9932F /* Preview Content */,
			);
			path = PhotoleapClone;
			sourceTree = "<group>";
		};
		064F5BBE2923D24800C9932F /* Preview Content */ = {
			isa = PBXGroup;
			children = (
				064F5BBF2923D24800C9932F /* Preview Assets.xcassets */,
			);
			path = "Preview Content";
			sourceTree = "<group>";
		};
		06743C772923D363000C06D1 /* Views */ = {
			isa = PBXGroup;
			children = (
				064F5BBA2923D24800C9932F /* EditPhotoView.swift */,
				067592A72924E02700AAFBFE /* ImageEnhancerView.swift */,
				0631632329256ADE00E92E11 /* ImageCropperView.swift */,
				06295D1629294426007CEA95 /* ImagePainterView.swift */,
				06C5FCFD292ABA1100ABA340 /* InsertTextView.swift */,
				06D05A3329CB04E800991DCF /* BrowseImagesView.swift */,
			);
			path = Views;
			sourceTree = "<group>";
		};
		06743C782923D367000C06D1 /* Models */ = {
			isa = PBXGroup;
			children = (
				067592A92924E4AA00AAFBFE /* ImageModel.swift */,
				06D05A3529CB09DA00991DCF /* BrowsedImageModel.swift */,
			);
			path = Models;
			sourceTree = "<group>";
		};
		067592A52924270100AAFBFE /* Utils */ = {
			isa = PBXGroup;
			children = (
				067592A32924244900AAFBFE /* ImageSaver.swift */,
				06295D1429292D73007CEA95 /* ImageCropper.swift */,
				06D05A3729CB0C5400991DCF /* NetworkManager.swift */,
				069BC45529CB9F3E0097A498 /* ImageUrlConverter.swift */,
			);
			path = Utils;
			sourceTree = "<group>";
		};
/* End PBXGroup section */

/* Begin PBXNativeTarget section */
		064F5BB42923D24700C9932F /* PhotoleapClone */ = {
			isa = PBXNativeTarget;
			buildConfigurationList = 064F5BC32923D24800C9932F /* Build configuration list for PBXNativeTarget "PhotoleapClone" */;
			buildPhases = (
				064F5BB12923D24700C9932F /* Sources */,
				064F5BB22923D24700C9932F /* Frameworks */,
				064F5BB32923D24700C9932F /* Resources */,
			);
			buildRules = (
			);
			dependencies = (
			);
			name = PhotoleapClone;
			packageProductDependencies = (
			);
			productName = PhotoleapClone;
			productReference = 064F5BB52923D24700C9932F /* PhotoleapClone.app */;
			productType = "com.apple.product-type.application";
		};
/* End PBXNativeTarget section */

/* Begin PBXProject section */
		064F5BAD2923D24700C9932F /* Project object */ = {
			isa = PBXProject;
			attributes = {
				BuildIndependentTargetsInParallel = 1;
				LastSwiftUpdateCheck = 1400;
				LastUpgradeCheck = 1400;
				TargetAttributes = {
					064F5BB42923D24700C9932F = {
						CreatedOnToolsVersion = 14.0.1;
					};
				};
			};
			buildConfigurationList = 064F5BB02923D24700C9932F /* Build configuration list for PBXProject "PhotoleapClone" */;
			compatibilityVersion = "Xcode 14.0";
			developmentRegion = en;
			hasScannedForEncodings = 0;
			knownRegions = (
				en,
				Base,
			);
			mainGroup = 064F5BAC2923D24700C9932F;
			packageReferences = (
			);
			productRefGroup = 064F5BB62923D24700C9932F /* Products */;
			projectDirPath = "";
			projectRoot = "";
			targets = (
				064F5BB42923D24700C9932F /* PhotoleapClone */,
			);
		};
/* End PBXProject section */

/* Begin PBXResourcesBuildPhase section */
		064F5BB32923D24700C9932F /* Resources */ = {
			isa = PBXResourcesBuildPhase;
			buildActionMask = 2147483647;
			files = (
				064F5BC02923D24800C9932F /* Preview Assets.xcassets in Resources */,
				064F5BBD2923D24800C9932F /* Assets.xcassets in Resources */,
			);
			runOnlyForDeploymentPostprocessing = 0;
		};
/* End PBXResourcesBuildPhase section */

/* Begin PBXSourcesBuildPhase section */
		064F5BB12923D24700C9932F /* Sources */ = {
			isa = PBXSourcesBuildPhase;
			buildActionMask = 2147483647;
			files = (
				06D05A3829CB0C5400991DCF /* NetworkManager.swift in Sources */,
				06C5FCFE292ABA1100ABA340 /* InsertTextView.swift in Sources */,
				064F5BBB2923D24800C9932F /* EditPhotoView.swift in Sources */,
				067592AA2924E4AA00AAFBFE /* ImageModel.swift in Sources */,
				06295D1729294426007CEA95 /* ImagePainterView.swift in Sources */,
				06D05A3429CB04E800991DCF /* BrowseImagesView.swift in Sources */,
				064F5BB92923D24800C9932F /* PhotoleapCloneApp.swift in Sources */,
				0631632429256ADE00E92E11 /* ImageCropperView.swift in Sources */,
				067592A42924244900AAFBFE /* ImageSaver.swift in Sources */,
				069BC45629CB9F3E0097A498 /* ImageUrlConverter.swift in Sources */,
				06D05A3629CB09DA00991DCF /* BrowsedImageModel.swift in Sources */,
				06295D1529292D73007CEA95 /* ImageCropper.swift in Sources */,
				067592A82924E02700AAFBFE /* ImageEnhancerView.swift in Sources */,
			);
			runOnlyForDeploymentPostprocessing = 0;
		};
/* End PBXSourcesBuildPhase section */

/* Begin XCBuildConfiguration section */
		064F5BC12923D24800C9932F /* Debug */ = {
			isa = XCBuildConfiguration;
			buildSettings = {
				ALWAYS_SEARCH_USER_PATHS = NO;
				CLANG_ANALYZER_NONNULL = YES;
				CLANG_ANALYZER_NUMBER_OBJECT_CONVERSION = YES_AGGRESSIVE;
				CLANG_CXX_LANGUAGE_STANDARD = "gnu++20";
				CLANG_ENABLE_MODULES = YES;
				CLANG_ENABLE_OBJC_ARC = YES;
				CLANG_ENABLE_OBJC_WEAK = YES;
				CLANG_WARN_BLOCK_CAPTURE_AUTORELEASING = YES;
				CLANG_WARN_BOOL_CONVERSION = YES;
				CLANG_WARN_COMMA = YES;
				CLANG_WARN_CONSTANT_CONVERSION = YES;
				CLANG_WARN_DEPRECATED_OBJC_IMPLEMENTATIONS = YES;
				CLANG_WARN_DIRECT_OBJC_ISA_USAGE = YES_ERROR;
				CLANG_WARN_DOCUMENTATION_COMMENTS = YES;
				CLANG_WARN_EMPTY_BODY = YES;
				CLANG_WARN_ENUM_CONVERSION = YES;
				CLANG_WARN_INFINITE_RECURSION = YES;
				CLANG_WARN_INT_CONVERSION = YES;
				CLANG_WARN_NON_LITERAL_NULL_CONVERSION = YES;
				CLANG_WARN_OBJC_IMPLICIT_RETAIN_SELF = YES;
				CLANG_WARN_OBJC_LITERAL_CONVERSION = YES;
				CLANG_WARN_OBJC_ROOT_CLASS = YES_ERROR;
				CLANG_WARN_QUOTED_INCLUDE_IN_FRAMEWORK_HEADER = YES;
				CLANG_WARN_RANGE_LOOP_ANALYSIS = YES;
				CLANG_WARN_STRICT_PROTOTYPES = YES;
				CLANG_WARN_SUSPICIOUS_MOVE = YES;
				CLANG_WARN_UNGUARDED_AVAILABILITY = YES_AGGRESSIVE;
				CLANG_WARN_UNREACHABLE_CODE = YES;
				CLANG_WARN__DUPLICATE_METHOD_MATCH = YES;
				COPY_PHASE_STRIP = NO;
				DEBUG_INFORMATION_FORMAT = dwarf;
				ENABLE_STRICT_OBJC_MSGSEND = YES;
				ENABLE_TESTABILITY = YES;
				GCC_C_LANGUAGE_STANDARD = gnu11;
				GCC_DYNAMIC_NO_PIC = NO;
				GCC_NO_COMMON_BLOCKS = YES;
				GCC_OPTIMIZATION_LEVEL = 0;
				GCC_PREPROCESSOR_DEFINITIONS = (
					"DEBUG=1",
					"$(inherited)",
				);
				GCC_WARN_64_TO_32_BIT_CONVERSION = YES;
				GCC_WARN_ABOUT_RETURN_TYPE = YES_ERROR;
				GCC_WARN_UNDECLARED_SELECTOR = YES;
				GCC_WARN_UNINITIALIZED_AUTOS = YES_AGGRESSIVE;
				GCC_WARN_UNUSED_FUNCTION = YES;
				GCC_WARN_UNUSED_VARIABLE = YES;
				IPHONEOS_DEPLOYMENT_TARGET = 16.0;
				MTL_ENABLE_DEBUG_INFO = INCLUDE_SOURCE;
				MTL_FAST_MATH = YES;
				ONLY_ACTIVE_ARCH = YES;
				SDKROOT = iphoneos;
				SWIFT_ACTIVE_COMPILATION_CONDITIONS = DEBUG;
				SWIFT_OPTIMIZATION_LEVEL = "-Onone";
			};
			name = Debug;
		};
		064F5BC22923D24800C9932F /* Release */ = {
			isa = XCBuildConfiguration;
			buildSettings = {
				ALWAYS_SEARCH_USER_PATHS = NO;
				CLANG_ANALYZER_NONNULL = YES;
				CLANG_ANALYZER_NUMBER_OBJECT_CONVERSION = YES_AGGRESSIVE;
				CLANG_CXX_LANGUAGE_STANDARD = "gnu++20";
				CLANG_ENABLE_MODULES = YES;
				CLANG_ENABLE_OBJC_ARC = YES;
				CLANG_ENABLE_OBJC_WEAK = YES;
				CLANG_WARN_BLOCK_CAPTURE_AUTORELEASING = YES;
				CLANG_WARN_BOOL_CONVERSION = YES;
				CLANG_WARN_COMMA = YES;
				CLANG_WARN_CONSTANT_CONVERSION = YES;
				CLANG_WARN_DEPRECATED_OBJC_IMPLEMENTATIONS = YES;
				CLANG_WARN_DIRECT_OBJC_ISA_USAGE = YES_ERROR;
				CLANG_WARN_DOCUMENTATION_COMMENTS = YES;
				CLANG_WARN_EMPTY_BODY = YES;
				CLANG_WARN_ENUM_CONVERSION = YES;
				CLANG_WARN_INFINITE_RECURSION = YES;
				CLANG_WARN_INT_CONVERSION = YES;
				CLANG_WARN_NON_LITERAL_NULL_CONVERSION = YES;
				CLANG_WARN_OBJC_IMPLICIT_RETAIN_SELF = YES;
				CLANG_WARN_OBJC_LITERAL_CONVERSION = YES;
				CLANG_WARN_OBJC_ROOT_CLASS = YES_ERROR;
				CLANG_WARN_QUOTED_INCLUDE_IN_FRAMEWORK_HEADER = YES;
				CLANG_WARN_RANGE_LOOP_ANALYSIS = YES;
				CLANG_WARN_STRICT_PROTOTYPES = YES;
				CLANG_WARN_SUSPICIOUS_MOVE = YES;
				CLANG_WARN_UNGUARDED_AVAILABILITY = YES_AGGRESSIVE;
				CLANG_WARN_UNREACHABLE_CODE = YES;
				CLANG_WARN__DUPLICATE_METHOD_MATCH = YES;
				COPY_PHASE_STRIP = NO;
				DEBUG_INFORMATION_FORMAT = "dwarf-with-dsym";
				ENABLE_NS_ASSERTIONS = NO;
				ENABLE_STRICT_OBJC_MSGSEND = YES;
				GCC_C_LANGUAGE_STANDARD = gnu11;
				GCC_NO_COMMON_BLOCKS = YES;
				GCC_WARN_64_TO_32_BIT_CONVERSION = YES;
				GCC_WARN_ABOUT_RETURN_TYPE = YES_ERROR;
				GCC_WARN_UNDECLARED_SELECTOR = YES;
				GCC_WARN_UNINITIALIZED_AUTOS = YES_AGGRESSIVE;
				GCC_WARN_UNUSED_FUNCTION = YES;
				GCC_WARN_UNUSED_VARIABLE = YES;
				IPHONEOS_DEPLOYMENT_TARGET = 16.0;
				MTL_ENABLE_DEBUG_INFO = NO;
				MTL_FAST_MATH = YES;
				SDKROOT = iphoneos;
				SWIFT_COMPILATION_MODE = wholemodule;
				SWIFT_OPTIMIZATION_LEVEL = "-O";
				VALIDATE_PRODUCT = YES;
			};
			name = Release;
		};
		064F5BC42923D24800C9932F /* Debug */ = {
			isa = XCBuildConfiguration;
			buildSettings = {
				ASSETCATALOG_COMPILER_APPICON_NAME = AppIcon;
				ASSETCATALOG_COMPILER_GLOBAL_ACCENT_COLOR_NAME = AccentColor;
				CODE_SIGN_STYLE = Automatic;
				CURRENT_PROJECT_VERSION = 1;
				DEVELOPMENT_ASSET_PATHS = "\"PhotoleapClone/Preview Content\"";
				DEVELOPMENT_TEAM = R8T7YU6S4Z;
				ENABLE_PREVIEWS = YES;
				GENERATE_INFOPLIST_FILE = YES;
				INFOPLIST_KEY_CFBundleDisplayName = PhotoleapClone;
				INFOPLIST_KEY_LSApplicationCategoryType = "public.app-category.graphics-design";
				INFOPLIST_KEY_NSPhotoLibraryUsageDescription = "Please, accept in order to use the app";
				INFOPLIST_KEY_UIApplicationSceneManifest_Generation = YES;
				INFOPLIST_KEY_UIApplicationSupportsIndirectInputEvents = YES;
				INFOPLIST_KEY_UILaunchScreen_Generation = YES;
				INFOPLIST_KEY_UISupportedInterfaceOrientations_iPad = "UIInterfaceOrientationPortrait UIInterfaceOrientationPortraitUpsideDown UIInterfaceOrientationLandscapeLeft UIInterfaceOrientationLandscapeRight";
				INFOPLIST_KEY_UISupportedInterfaceOrientations_iPhone = "UIInterfaceOrientationPortrait UIInterfaceOrientationLandscapeLeft UIInterfaceOrientationLandscapeRight";
				LD_RUNPATH_SEARCH_PATHS = (
					"$(inherited)",
					"@executable_path/Frameworks",
				);
				MARKETING_VERSION = 1.0;
				PRODUCT_BUNDLE_IDENTIFIER = Breglia.PhotoleapClone;
				PRODUCT_NAME = "$(TARGET_NAME)";
				SWIFT_EMIT_LOC_STRINGS = YES;
				SWIFT_VERSION = 5.0;
				TARGETED_DEVICE_FAMILY = "1,2";
			};
			name = Debug;
		};
		064F5BC52923D24800C9932F /* Release */ = {
			isa = XCBuildConfiguration;
			buildSettings = {
				ASSETCATALOG_COMPILER_APPICON_NAME = AppIcon;
				ASSETCATALOG_COMPILER_GLOBAL_ACCENT_COLOR_NAME = AccentColor;
				CODE_SIGN_STYLE = Automatic;
				CURRENT_PROJECT_VERSION = 1;
				DEVELOPMENT_ASSET_PATHS = "\"PhotoleapClone/Preview Content\"";
				DEVELOPMENT_TEAM = R8T7YU6S4Z;
				ENABLE_PREVIEWS = YES;
				GENERATE_INFOPLIST_FILE = YES;
				INFOPLIST_KEY_CFBundleDisplayName = PhotoleapClone;
				INFOPLIST_KEY_LSApplicationCategoryType = "public.app-category.graphics-design";
				INFOPLIST_KEY_NSPhotoLibraryUsageDescription = "Please, accept in order to use the app";
				INFOPLIST_KEY_UIApplicationSceneManifest_Generation = YES;
				INFOPLIST_KEY_UIApplicationSupportsIndirectInputEvents = YES;
				INFOPLIST_KEY_UILaunchScreen_Generation = YES;
				INFOPLIST_KEY_UISupportedInterfaceOrientations_iPad = "UIInterfaceOrientationPortrait UIInterfaceOrientationPortraitUpsideDown UIInterfaceOrientationLandscapeLeft UIInterfaceOrientationLandscapeRight";
				INFOPLIST_KEY_UISupportedInterfaceOrientations_iPhone = "UIInterfaceOrientationPortrait UIInterfaceOrientationLandscapeLeft UIInterfaceOrientationLandscapeRight";
				LD_RUNPATH_SEARCH_PATHS = (
					"$(inherited)",
					"@executable_path/Frameworks",
				);
				MARKETING_VERSION = 1.0;
				PRODUCT_BUNDLE_IDENTIFIER = Breglia.PhotoleapClone;
				PRODUCT_NAME = "$(TARGET_NAME)";
				SWIFT_EMIT_LOC_STRINGS = YES;
				SWIFT_VERSION = 5.0;
				TARGETED_DEVICE_FAMILY = "1,2";
			};
			name = Release;
		};
/* End XCBuildConfiguration section */

/* Begin XCConfigurationList section */
		064F5BB02923D24700C9932F /* Build configuration list for PBXProject "PhotoleapClone" */ = {
			isa = XCConfigurationList;
			buildConfigurations = (
				064F5BC12923D24800C9932F /* Debug */,
				064F5BC22923D24800C9932F /* Release */,
			);
			defaultConfigurationIsVisible = 0;
			defaultConfigurationName = Release;
		};
		064F5BC32923D24800C9932F /* Build configuration list for PBXNativeTarget "PhotoleapClone" */ = {
			isa = XCConfigurationList;
			buildConfigurations = (
				064F5BC42923D24800C9932F /* Debug */,
				064F5BC52923D24800C9932F /* Release */,
			);
			defaultConfigurationIsVisible = 0;
			defaultConfigurationName = Release;
		};
/* End XCConfigurationList section */
	};
	rootObject = 064F5BAD2923D24700C9932F /* Project object */;
}
